// !$*UTF8*$!
{
	archiveVersion = 1;
	classes = {
	};
	objectVersion = 48;
	objects = {

/* Begin PBXBuildFile section */
		840421EE1F4288740026730E /* AirBiscuit.mp3 in Resources */ = {isa = PBXBuildFile; fileRef = 840421ED1F4288700026730E /* AirBiscuit.mp3 */; };
		841DEEEA1F3EBFFB007C76C6 /* CGFloat+Extensions.swift in Sources */ = {isa = PBXBuildFile; fileRef = 841DEEDF1F3EBF82007C76C6 /* CGFloat+Extensions.swift */; };
		841DEEEB1F3EBFFB007C76C6 /* CGPoint+Extensions.swift in Sources */ = {isa = PBXBuildFile; fileRef = 841DEEE21F3EBFA1007C76C6 /* CGPoint+Extensions.swift */; };
		841DEEEC1F3EBFFB007C76C6 /* CGVector+Extensions.swift in Sources */ = {isa = PBXBuildFile; fileRef = 841DEEE01F3EBFA1007C76C6 /* CGVector+Extensions.swift */; };
		841DEEED1F3EBFFB007C76C6 /* Int+Extensions.swift in Sources */ = {isa = PBXBuildFile; fileRef = 841DEEE11F3EBFA1007C76C6 /* Int+Extensions.swift */; };
		841DEEEE1F3EBFFB007C76C6 /* SKAction+Extensions.swift in Sources */ = {isa = PBXBuildFile; fileRef = 841DEEE31F3EBFBD007C76C6 /* SKAction+Extensions.swift */; };
		841DEEEF1F3EBFFB007C76C6 /* SKAction+SpecialEffects.swift in Sources */ = {isa = PBXBuildFile; fileRef = 841DEEE51F3EBFBD007C76C6 /* SKAction+SpecialEffects.swift */; };
		841DEEF01F3EBFFB007C76C6 /* SKColor+Extensions.swift in Sources */ = {isa = PBXBuildFile; fileRef = 841DEEE71F3EBFBD007C76C6 /* SKColor+Extensions.swift */; };
		841DEEF11F3EBFFB007C76C6 /* SKNode+Extensions.swift in Sources */ = {isa = PBXBuildFile; fileRef = 841DEEE41F3EBFBD007C76C6 /* SKNode+Extensions.swift */; };
		841DEEF21F3EBFFB007C76C6 /* SKTEffects.swift in Sources */ = {isa = PBXBuildFile; fileRef = 841DEEE81F3EBFBD007C76C6 /* SKTEffects.swift */; };
		841DEEF31F3EBFFB007C76C6 /* SKTTimingFunctions.swift in Sources */ = {isa = PBXBuildFile; fileRef = 841DEEE91F3EBFBD007C76C6 /* SKTTimingFunctions.swift */; };
		841DEEF41F3EBFFB007C76C6 /* Vector3.swift in Sources */ = {isa = PBXBuildFile; fileRef = 841DEEE61F3EBFBD007C76C6 /* Vector3.swift */; };
		842882C11F6B4F2D0061C397 /* HighScore.sks in Resources */ = {isa = PBXBuildFile; fileRef = 842882C01F6B4F2D0061C397 /* HighScore.sks */; };
		843709341F54ED6C00D057F5 /* FreckleFace-Regular.ttf in Resources */ = {isa = PBXBuildFile; fileRef = 843709311F54ECF100D057F5 /* FreckleFace-Regular.ttf */; };
		843709381F54EE8400D057F5 /* Setting.sks in Resources */ = {isa = PBXBuildFile; fileRef = 843709371F54EE8400D057F5 /* Setting.sks */; };
		8437C1211F18529300EB3079 /* Types.swift in Sources */ = {isa = PBXBuildFile; fileRef = 8437C1201F18529300EB3079 /* Types.swift */; };
		8437C1231F18536B00EB3079 /* HUD.swift in Sources */ = {isa = PBXBuildFile; fileRef = 8437C1221F18536B00EB3079 /* HUD.swift */; };
		8441D0461F733F1900BE8D0E /* Splat2.sks in Resources */ = {isa = PBXBuildFile; fileRef = 8441D0451F733F1900BE8D0E /* Splat2.sks */; };
		8441D0481F733F3600BE8D0E /* Flies1.sks in Resources */ = {isa = PBXBuildFile; fileRef = 8441D0471F733F3600BE8D0E /* Flies1.sks */; };
		84561FE01F0F1E46006EACD8 /* AppDelegate.swift in Sources */ = {isa = PBXBuildFile; fileRef = 84561FDF1F0F1E46006EACD8 /* AppDelegate.swift */; };
		84561FE21F0F1E46006EACD8 /* Scene.sks in Resources */ = {isa = PBXBuildFile; fileRef = 84561FE11F0F1E46006EACD8 /* Scene.sks */; };
		84561FE61F0F1E46006EACD8 /* ViewController.swift in Sources */ = {isa = PBXBuildFile; fileRef = 84561FE51F0F1E46006EACD8 /* ViewController.swift */; };
		84561FE91F0F1E46006EACD8 /* Main.storyboard in Resources */ = {isa = PBXBuildFile; fileRef = 84561FE71F0F1E46006EACD8 /* Main.storyboard */; };
		84561FEB1F0F1E46006EACD8 /* Assets.xcassets in Resources */ = {isa = PBXBuildFile; fileRef = 84561FEA1F0F1E46006EACD8 /* Assets.xcassets */; };
		84561FEE1F0F1E46006EACD8 /* LaunchScreen.storyboard in Resources */ = {isa = PBXBuildFile; fileRef = 84561FEC1F0F1E46006EACD8 /* LaunchScreen.storyboard */; };
		847D61571F73438D0002617C /* Smoke2.sks in Resources */ = {isa = PBXBuildFile; fileRef = 847D61561F73438D0002617C /* Smoke2.sks */; };
		84804FFE1F4674D0002F6B5F /* MenuScene.swift in Sources */ = {isa = PBXBuildFile; fileRef = 84804FFD1F4674D0002F6B5F /* MenuScene.swift */; };
		8495F04A1F47C50500321494 /* ToiletNode.swift in Sources */ = {isa = PBXBuildFile; fileRef = 8495F0491F47C50500321494 /* ToiletNode.swift */; };
		84A2A63D1F3F6DCC0064A82B /* fart_walking_many.wav in Resources */ = {isa = PBXBuildFile; fileRef = 84A2A6341F3F6D3B0064A82B /* fart_walking_many.wav */; };
		84A2A63E1F3F6DCC0064A82B /* fart2.mp3 in Resources */ = {isa = PBXBuildFile; fileRef = 84A2A61B1F3F6D370064A82B /* fart2.mp3 */; };
		84A2A63F1F3F6DCC0064A82B /* fart3.mp3 in Resources */ = {isa = PBXBuildFile; fileRef = 84A2A6271F3F6D380064A82B /* fart3.mp3 */; };
		84A2A6401F3F6DCC0064A82B /* fart4.mp3 in Resources */ = {isa = PBXBuildFile; fileRef = 84A2A6381F3F6D3C0064A82B /* fart4.mp3 */; };
		84A2A6411F3F6DCC0064A82B /* fart5.mp3 in Resources */ = {isa = PBXBuildFile; fileRef = 84A2A62A1F3F6D390064A82B /* fart5.mp3 */; };
		84A2A6421F3F6DCC0064A82B /* fart6.mp3 in Resources */ = {isa = PBXBuildFile; fileRef = 84A2A6251F3F6D380064A82B /* fart6.mp3 */; };
		84A2A6431F3F6DCC0064A82B /* fart7.mp3 in Resources */ = {isa = PBXBuildFile; fileRef = 84A2A61C1F3F6D370064A82B /* fart7.mp3 */; };
		84A2A6441F3F6DCC0064A82B /* fart8.mp3 in Resources */ = {isa = PBXBuildFile; fileRef = 84A2A6201F3F6D370064A82B /* fart8.mp3 */; };
		84A2A6451F3F6DCC0064A82B /* fart9.mp3 in Resources */ = {isa = PBXBuildFile; fileRef = 84A2A6361F3F6D3B0064A82B /* fart9.mp3 */; };
		84A2A6461F3F6DCC0064A82B /* fart10.mp3 in Resources */ = {isa = PBXBuildFile; fileRef = 84A2A61F1F3F6D370064A82B /* fart10.mp3 */; };
		84A2A6471F3F6DCC0064A82B /* fart11.mp3 in Resources */ = {isa = PBXBuildFile; fileRef = 84A2A6221F3F6D380064A82B /* fart11.mp3 */; };
		84A2A6481F3F6DCC0064A82B /* fart12.mp3 in Resources */ = {isa = PBXBuildFile; fileRef = 84A2A62F1F3F6D3A0064A82B /* fart12.mp3 */; };
		84A2A6491F3F6DCC0064A82B /* fart13.mp3 in Resources */ = {isa = PBXBuildFile; fileRef = 84A2A61E1F3F6D370064A82B /* fart13.mp3 */; };
		84A2A64A1F3F6DCC0064A82B /* fart14.wav in Resources */ = {isa = PBXBuildFile; fileRef = 84A2A6211F3F6D380064A82B /* fart14.wav */; };
		84A2A64B1F3F6DCC0064A82B /* fart16.wav in Resources */ = {isa = PBXBuildFile; fileRef = 84A2A62B1F3F6D390064A82B /* fart16.wav */; };
		84A2A64C1F3F6DCC0064A82B /* fart17.wav in Resources */ = {isa = PBXBuildFile; fileRef = 84A2A6301F3F6D3A0064A82B /* fart17.wav */; };
		84A2A64D1F3F6DCC0064A82B /* fart18.wav in Resources */ = {isa = PBXBuildFile; fileRef = 84A2A6231F3F6D380064A82B /* fart18.wav */; };
		84A2A64E1F3F6DCC0064A82B /* fart20.wav in Resources */ = {isa = PBXBuildFile; fileRef = 84A2A6351F3F6D3B0064A82B /* fart20.wav */; };
		84A2A64F1F3F6DCC0064A82B /* fart21.wav in Resources */ = {isa = PBXBuildFile; fileRef = 84A2A6331F3F6D3B0064A82B /* fart21.wav */; };
		84A2A6501F3F6DCC0064A82B /* fart23.mp3 in Resources */ = {isa = PBXBuildFile; fileRef = 84A2A6241F3F6D380064A82B /* fart23.mp3 */; };
		84A2A6511F3F6DCC0064A82B /* fart24.wav in Resources */ = {isa = PBXBuildFile; fileRef = 84A2A61D1F3F6D370064A82B /* fart24.wav */; };
		84A2A6521F3F6DCC0064A82B /* fart25.wav in Resources */ = {isa = PBXBuildFile; fileRef = 84A2A62E1F3F6D3A0064A82B /* fart25.wav */; };
		84A2A6531F3F6DCC0064A82B /* fart26.wav in Resources */ = {isa = PBXBuildFile; fileRef = 84A2A63A1F3F6D3C0064A82B /* fart26.wav */; };
		84A2A6541F3F6DCC0064A82B /* fart27.wav in Resources */ = {isa = PBXBuildFile; fileRef = 84A2A6311F3F6D3A0064A82B /* fart27.wav */; };
		84A2A6551F3F6DCC0064A82B /* fart28.wav in Resources */ = {isa = PBXBuildFile; fileRef = 84A2A6281F3F6D390064A82B /* fart28.wav */; };
		84A2A6561F3F6DCC0064A82B /* fart29.wav in Resources */ = {isa = PBXBuildFile; fileRef = 84A2A63B1F3F6D3C0064A82B /* fart29.wav */; };
		84A2A6571F3F6DCC0064A82B /* fart34.wav in Resources */ = {isa = PBXBuildFile; fileRef = 84A2A6291F3F6D390064A82B /* fart34.wav */; };
		84A2A6581F3F6DCC0064A82B /* fart35.wav in Resources */ = {isa = PBXBuildFile; fileRef = 84A2A6321F3F6D3B0064A82B /* fart35.wav */; };
		84A2A6591F3F6DCC0064A82B /* fart36.wav in Resources */ = {isa = PBXBuildFile; fileRef = 84A2A6371F3F6D3C0064A82B /* fart36.wav */; };
		84A2A65A1F3F6DCC0064A82B /* fart37.wav in Resources */ = {isa = PBXBuildFile; fileRef = 84A2A6391F3F6D3C0064A82B /* fart37.wav */; };
		84A2A65B1F3F6DCC0064A82B /* fart38.wav in Resources */ = {isa = PBXBuildFile; fileRef = 84A2A62C1F3F6D390064A82B /* fart38.wav */; };
		84A2A65C1F3F6DCC0064A82B /* fart39.wav in Resources */ = {isa = PBXBuildFile; fileRef = 84A2A6261F3F6D380064A82B /* fart39.wav */; };
		84A2A65D1F3F6DCC0064A82B /* fart40.wav in Resources */ = {isa = PBXBuildFile; fileRef = 84A2A62D1F3F6D390064A82B /* fart40.wav */; };
		84A2A65E1F3F6DCC0064A82B /* fart41.wav in Resources */ = {isa = PBXBuildFile; fileRef = 84A2A61A1F3F6D360064A82B /* fart41.wav */; };
		84A2A6661F40254E0064A82B /* AFDateHelper.swift in Sources */ = {isa = PBXBuildFile; fileRef = 84A2A6651F40254E0064A82B /* AFDateHelper.swift */; };
		84A2A66C1F4037970064A82B /* toilet-flush-highscore.wav in Resources */ = {isa = PBXBuildFile; fileRef = 84A2A66B1F4037430064A82B /* toilet-flush-highscore.wav */; };
		84BA90451F65B64500CFC40B /* 8-Bit-Puzzler.mp3 in Resources */ = {isa = PBXBuildFile; fileRef = 84BA90441F65B5D700CFC40B /* 8-Bit-Puzzler.mp3 */; };
		84BA90461F65B64500CFC40B /* Disco-Ants-Go-Clubbin_Looping.mp3 in Resources */ = {isa = PBXBuildFile; fileRef = 84BA90421F65B5D600CFC40B /* Disco-Ants-Go-Clubbin_Looping.mp3 */; };
		84BA90471F65B64500CFC40B /* Farty-Crooks_Looping.mp3 in Resources */ = {isa = PBXBuildFile; fileRef = 84BA90431F65B5D600CFC40B /* Farty-Crooks_Looping.mp3 */; };
		84BA90481F65B64500CFC40B /* Farty-McSty.mp3 in Resources */ = {isa = PBXBuildFile; fileRef = 84BA90411F65B5D500CFC40B /* Farty-McSty.mp3 */; };
		84BA90491F65B64500CFC40B /* toilet_flush.wav in Resources */ = {isa = PBXBuildFile; fileRef = 84BA90401F65B59C00CFC40B /* toilet_flush.wav */; };
		84BA904B1F67471900CFC40B /* Credits.sks in Resources */ = {isa = PBXBuildFile; fileRef = 84BA904A1F67471900CFC40B /* Credits.sks */; };
		84BF04A81F67484B00A7048D /* CreditsScene.swift in Sources */ = {isa = PBXBuildFile; fileRef = 84BF04A71F67484B00A7048D /* CreditsScene.swift */; };
		84BF04AA1F674F8900A7048D /* FF_FontAttribute.txt in Resources */ = {isa = PBXBuildFile; fileRef = 84BF04A91F67491900A7048D /* FF_FontAttribute.txt */; };
		84C57C921F65727600DD1C83 /* TurdNode.swift in Sources */ = {isa = PBXBuildFile; fileRef = 84C57C911F65727600DD1C83 /* TurdNode.swift */; };
		84E54EC91F58E2A900AB2BA9 /* GameScene.swift in Sources */ = {isa = PBXBuildFile; fileRef = 84E54EC81F58E2A900AB2BA9 /* GameScene.swift */; };
/* End PBXBuildFile section */

/* Begin PBXFileReference section */
		840421ED1F4288700026730E /* AirBiscuit.mp3 */ = {isa = PBXFileReference; lastKnownFileType = audio.mp3; path = AirBiscuit.mp3; sourceTree = "<group>"; };
		841DEEDF1F3EBF82007C76C6 /* CGFloat+Extensions.swift */ = {isa = PBXFileReference; lastKnownFileType = sourcecode.swift; path = "CGFloat+Extensions.swift"; sourceTree = "<group>"; };
		841DEEE01F3EBFA1007C76C6 /* CGVector+Extensions.swift */ = {isa = PBXFileReference; lastKnownFileType = sourcecode.swift; path = "CGVector+Extensions.swift"; sourceTree = "<group>"; };
		841DEEE11F3EBFA1007C76C6 /* Int+Extensions.swift */ = {isa = PBXFileReference; lastKnownFileType = sourcecode.swift; path = "Int+Extensions.swift"; sourceTree = "<group>"; };
		841DEEE21F3EBFA1007C76C6 /* CGPoint+Extensions.swift */ = {isa = PBXFileReference; lastKnownFileType = sourcecode.swift; path = "CGPoint+Extensions.swift"; sourceTree = "<group>"; };
		841DEEE31F3EBFBD007C76C6 /* SKAction+Extensions.swift */ = {isa = PBXFileReference; lastKnownFileType = sourcecode.swift; path = "SKAction+Extensions.swift"; sourceTree = "<group>"; };
		841DEEE41F3EBFBD007C76C6 /* SKNode+Extensions.swift */ = {isa = PBXFileReference; lastKnownFileType = sourcecode.swift; path = "SKNode+Extensions.swift"; sourceTree = "<group>"; };
		841DEEE51F3EBFBD007C76C6 /* SKAction+SpecialEffects.swift */ = {isa = PBXFileReference; lastKnownFileType = sourcecode.swift; path = "SKAction+SpecialEffects.swift"; sourceTree = "<group>"; };
		841DEEE61F3EBFBD007C76C6 /* Vector3.swift */ = {isa = PBXFileReference; lastKnownFileType = sourcecode.swift; path = Vector3.swift; sourceTree = "<group>"; };
		841DEEE71F3EBFBD007C76C6 /* SKColor+Extensions.swift */ = {isa = PBXFileReference; lastKnownFileType = sourcecode.swift; path = "SKColor+Extensions.swift"; sourceTree = "<group>"; };
		841DEEE81F3EBFBD007C76C6 /* SKTEffects.swift */ = {isa = PBXFileReference; lastKnownFileType = sourcecode.swift; path = SKTEffects.swift; sourceTree = "<group>"; };
		841DEEE91F3EBFBD007C76C6 /* SKTTimingFunctions.swift */ = {isa = PBXFileReference; lastKnownFileType = sourcecode.swift; path = SKTTimingFunctions.swift; sourceTree = "<group>"; };
		8422126A1F3CF88C00175FCC /* Assets.xcassets */ = {isa = PBXFileReference; lastKnownFileType = folder.assetcatalog; path = Assets.xcassets; sourceTree = "<group>"; };
		842882C01F6B4F2D0061C397 /* HighScore.sks */ = {isa = PBXFileReference; lastKnownFileType = file.sks; path = HighScore.sks; sourceTree = "<group>"; };
		842EC5081F3006AE00868770 /* spark.png */ = {isa = PBXFileReference; lastKnownFileType = image.png; path = spark.png; sourceTree = "<group>"; };
		843709311F54ECF100D057F5 /* FreckleFace-Regular.ttf */ = {isa = PBXFileReference; lastKnownFileType = file; path = "FreckleFace-Regular.ttf"; sourceTree = "<group>"; };
		843709371F54EE8400D057F5 /* Setting.sks */ = {isa = PBXFileReference; lastKnownFileType = file.sks; path = Setting.sks; sourceTree = "<group>"; };
		8437C1201F18529300EB3079 /* Types.swift */ = {isa = PBXFileReference; lastKnownFileType = sourcecode.swift; path = Types.swift; sourceTree = "<group>"; };
		8437C1221F18536B00EB3079 /* HUD.swift */ = {isa = PBXFileReference; lastKnownFileType = sourcecode.swift; path = HUD.swift; sourceTree = "<group>"; };
		8441D0451F733F1900BE8D0E /* Splat2.sks */ = {isa = PBXFileReference; lastKnownFileType = file.sks; path = Splat2.sks; sourceTree = "<group>"; };
		8441D0471F733F3600BE8D0E /* Flies1.sks */ = {isa = PBXFileReference; lastKnownFileType = file.sks; path = Flies1.sks; sourceTree = "<group>"; };
		84561FDC1F0F1E46006EACD8 /* Turd Herder.app */ = {isa = PBXFileReference; explicitFileType = wrapper.application; includeInIndex = 0; path = "Turd Herder.app"; sourceTree = BUILT_PRODUCTS_DIR; };
		84561FDF1F0F1E46006EACD8 /* AppDelegate.swift */ = {isa = PBXFileReference; lastKnownFileType = sourcecode.swift; path = AppDelegate.swift; sourceTree = "<group>"; };
		84561FE11F0F1E46006EACD8 /* Scene.sks */ = {isa = PBXFileReference; lastKnownFileType = file.sks; path = Scene.sks; sourceTree = "<group>"; };
		84561FE51F0F1E46006EACD8 /* ViewController.swift */ = {isa = PBXFileReference; lastKnownFileType = sourcecode.swift; path = ViewController.swift; sourceTree = "<group>"; };
		84561FE81F0F1E46006EACD8 /* Base */ = {isa = PBXFileReference; lastKnownFileType = file.storyboard; name = Base; path = Base.lproj/Main.storyboard; sourceTree = "<group>"; };
		84561FEA1F0F1E46006EACD8 /* Assets.xcassets */ = {isa = PBXFileReference; lastKnownFileType = folder.assetcatalog; path = Assets.xcassets; sourceTree = "<group>"; };
		84561FED1F0F1E46006EACD8 /* Base */ = {isa = PBXFileReference; lastKnownFileType = file.storyboard; name = Base; path = Base.lproj/LaunchScreen.storyboard; sourceTree = "<group>"; };
		84561FEF1F0F1E46006EACD8 /* Info.plist */ = {isa = PBXFileReference; lastKnownFileType = text.plist.xml; path = Info.plist; sourceTree = "<group>"; };
		847D61561F73438D0002617C /* Smoke2.sks */ = {isa = PBXFileReference; lastKnownFileType = file.sks; path = Smoke2.sks; sourceTree = "<group>"; };
		84804FFD1F4674D0002F6B5F /* MenuScene.swift */ = {isa = PBXFileReference; lastKnownFileType = sourcecode.swift; path = MenuScene.swift; sourceTree = "<group>"; };
		8495F0471F47C2B900321494 /* MessageBox.swift */ = {isa = PBXFileReference; lastKnownFileType = sourcecode.swift; path = MessageBox.swift; sourceTree = "<group>"; };
		8495F0491F47C50500321494 /* ToiletNode.swift */ = {isa = PBXFileReference; lastKnownFileType = sourcecode.swift; path = ToiletNode.swift; sourceTree = "<group>"; };
		84A2A61A1F3F6D360064A82B /* fart41.wav */ = {isa = PBXFileReference; lastKnownFileType = audio.wav; path = fart41.wav; sourceTree = "<group>"; };
		84A2A61B1F3F6D370064A82B /* fart2.mp3 */ = {isa = PBXFileReference; lastKnownFileType = audio.mp3; path = fart2.mp3; sourceTree = "<group>"; };
		84A2A61C1F3F6D370064A82B /* fart7.mp3 */ = {isa = PBXFileReference; lastKnownFileType = audio.mp3; path = fart7.mp3; sourceTree = "<group>"; };
		84A2A61D1F3F6D370064A82B /* fart24.wav */ = {isa = PBXFileReference; lastKnownFileType = audio.wav; path = fart24.wav; sourceTree = "<group>"; };
		84A2A61E1F3F6D370064A82B /* fart13.mp3 */ = {isa = PBXFileReference; lastKnownFileType = audio.mp3; path = fart13.mp3; sourceTree = "<group>"; };
		84A2A61F1F3F6D370064A82B /* fart10.mp3 */ = {isa = PBXFileReference; lastKnownFileType = audio.mp3; path = fart10.mp3; sourceTree = "<group>"; };
		84A2A6201F3F6D370064A82B /* fart8.mp3 */ = {isa = PBXFileReference; lastKnownFileType = audio.mp3; path = fart8.mp3; sourceTree = "<group>"; };
		84A2A6211F3F6D380064A82B /* fart14.wav */ = {isa = PBXFileReference; lastKnownFileType = audio.wav; path = fart14.wav; sourceTree = "<group>"; };
		84A2A6221F3F6D380064A82B /* fart11.mp3 */ = {isa = PBXFileReference; lastKnownFileType = audio.mp3; path = fart11.mp3; sourceTree = "<group>"; };
		84A2A6231F3F6D380064A82B /* fart18.wav */ = {isa = PBXFileReference; lastKnownFileType = audio.wav; path = fart18.wav; sourceTree = "<group>"; };
		84A2A6241F3F6D380064A82B /* fart23.mp3 */ = {isa = PBXFileReference; lastKnownFileType = audio.mp3; path = fart23.mp3; sourceTree = "<group>"; };
		84A2A6251F3F6D380064A82B /* fart6.mp3 */ = {isa = PBXFileReference; lastKnownFileType = audio.mp3; path = fart6.mp3; sourceTree = "<group>"; };
		84A2A6261F3F6D380064A82B /* fart39.wav */ = {isa = PBXFileReference; lastKnownFileType = audio.wav; path = fart39.wav; sourceTree = "<group>"; };
		84A2A6271F3F6D380064A82B /* fart3.mp3 */ = {isa = PBXFileReference; lastKnownFileType = audio.mp3; path = fart3.mp3; sourceTree = "<group>"; };
		84A2A6281F3F6D390064A82B /* fart28.wav */ = {isa = PBXFileReference; lastKnownFileType = audio.wav; path = fart28.wav; sourceTree = "<group>"; };
		84A2A6291F3F6D390064A82B /* fart34.wav */ = {isa = PBXFileReference; lastKnownFileType = audio.wav; path = fart34.wav; sourceTree = "<group>"; };
		84A2A62A1F3F6D390064A82B /* fart5.mp3 */ = {isa = PBXFileReference; lastKnownFileType = audio.mp3; path = fart5.mp3; sourceTree = "<group>"; };
		84A2A62B1F3F6D390064A82B /* fart16.wav */ = {isa = PBXFileReference; lastKnownFileType = audio.wav; path = fart16.wav; sourceTree = "<group>"; };
		84A2A62C1F3F6D390064A82B /* fart38.wav */ = {isa = PBXFileReference; lastKnownFileType = audio.wav; path = fart38.wav; sourceTree = "<group>"; };
		84A2A62D1F3F6D390064A82B /* fart40.wav */ = {isa = PBXFileReference; lastKnownFileType = audio.wav; path = fart40.wav; sourceTree = "<group>"; };
		84A2A62E1F3F6D3A0064A82B /* fart25.wav */ = {isa = PBXFileReference; lastKnownFileType = audio.wav; path = fart25.wav; sourceTree = "<group>"; };
		84A2A62F1F3F6D3A0064A82B /* fart12.mp3 */ = {isa = PBXFileReference; lastKnownFileType = audio.mp3; path = fart12.mp3; sourceTree = "<group>"; };
		84A2A6301F3F6D3A0064A82B /* fart17.wav */ = {isa = PBXFileReference; lastKnownFileType = audio.wav; path = fart17.wav; sourceTree = "<group>"; };
		84A2A6311F3F6D3A0064A82B /* fart27.wav */ = {isa = PBXFileReference; lastKnownFileType = audio.wav; path = fart27.wav; sourceTree = "<group>"; };
		84A2A6321F3F6D3B0064A82B /* fart35.wav */ = {isa = PBXFileReference; lastKnownFileType = audio.wav; path = fart35.wav; sourceTree = "<group>"; };
		84A2A6331F3F6D3B0064A82B /* fart21.wav */ = {isa = PBXFileReference; lastKnownFileType = audio.wav; path = fart21.wav; sourceTree = "<group>"; };
		84A2A6341F3F6D3B0064A82B /* fart_walking_many.wav */ = {isa = PBXFileReference; lastKnownFileType = audio.wav; path = fart_walking_many.wav; sourceTree = "<group>"; };
		84A2A6351F3F6D3B0064A82B /* fart20.wav */ = {isa = PBXFileReference; lastKnownFileType = audio.wav; path = fart20.wav; sourceTree = "<group>"; };
		84A2A6361F3F6D3B0064A82B /* fart9.mp3 */ = {isa = PBXFileReference; lastKnownFileType = audio.mp3; path = fart9.mp3; sourceTree = "<group>"; };
		84A2A6371F3F6D3C0064A82B /* fart36.wav */ = {isa = PBXFileReference; lastKnownFileType = audio.wav; path = fart36.wav; sourceTree = "<group>"; };
		84A2A6381F3F6D3C0064A82B /* fart4.mp3 */ = {isa = PBXFileReference; lastKnownFileType = audio.mp3; path = fart4.mp3; sourceTree = "<group>"; };
		84A2A6391F3F6D3C0064A82B /* fart37.wav */ = {isa = PBXFileReference; lastKnownFileType = audio.wav; path = fart37.wav; sourceTree = "<group>"; };
		84A2A63A1F3F6D3C0064A82B /* fart26.wav */ = {isa = PBXFileReference; lastKnownFileType = audio.wav; path = fart26.wav; sourceTree = "<group>"; };
		84A2A63B1F3F6D3C0064A82B /* fart29.wav */ = {isa = PBXFileReference; lastKnownFileType = audio.wav; path = fart29.wav; sourceTree = "<group>"; };
		84A2A6651F40254E0064A82B /* AFDateHelper.swift */ = {isa = PBXFileReference; lastKnownFileType = sourcecode.swift; path = AFDateHelper.swift; sourceTree = "<group>"; };
		84A2A66B1F4037430064A82B /* toilet-flush-highscore.wav */ = {isa = PBXFileReference; lastKnownFileType = audio.wav; path = "toilet-flush-highscore.wav"; sourceTree = "<group>"; };
		84BA90401F65B59C00CFC40B /* toilet_flush.wav */ = {isa = PBXFileReference; lastKnownFileType = audio.wav; path = toilet_flush.wav; sourceTree = "<group>"; };
		84BA90411F65B5D500CFC40B /* Farty-McSty.mp3 */ = {isa = PBXFileReference; lastKnownFileType = audio.mp3; path = "Farty-McSty.mp3"; sourceTree = "<group>"; };
		84BA90421F65B5D600CFC40B /* Disco-Ants-Go-Clubbin_Looping.mp3 */ = {isa = PBXFileReference; lastKnownFileType = audio.mp3; path = "Disco-Ants-Go-Clubbin_Looping.mp3"; sourceTree = "<group>"; };
		84BA90431F65B5D600CFC40B /* Farty-Crooks_Looping.mp3 */ = {isa = PBXFileReference; lastKnownFileType = audio.mp3; path = "Farty-Crooks_Looping.mp3"; sourceTree = "<group>"; };
		84BA90441F65B5D700CFC40B /* 8-Bit-Puzzler.mp3 */ = {isa = PBXFileReference; lastKnownFileType = audio.mp3; path = "8-Bit-Puzzler.mp3"; sourceTree = "<group>"; };
		84BA904A1F67471900CFC40B /* Credits.sks */ = {isa = PBXFileReference; lastKnownFileType = file.sks; path = Credits.sks; sourceTree = "<group>"; };
		84BF04A71F67484B00A7048D /* CreditsScene.swift */ = {isa = PBXFileReference; lastKnownFileType = sourcecode.swift; path = CreditsScene.swift; sourceTree = "<group>"; };
		84BF04A91F67491900A7048D /* FF_FontAttribute.txt */ = {isa = PBXFileReference; lastKnownFileType = text; path = FF_FontAttribute.txt; sourceTree = "<group>"; };
		84C57C911F65727600DD1C83 /* TurdNode.swift */ = {isa = PBXFileReference; lastKnownFileType = sourcecode.swift; name = TurdNode.swift; path = "Turd Herder/TurdNode.swift"; sourceTree = SOURCE_ROOT; };
		84E54EC81F58E2A900AB2BA9 /* GameScene.swift */ = {isa = PBXFileReference; lastKnownFileType = sourcecode.swift; path = GameScene.swift; sourceTree = "<group>"; };
/* End PBXFileReference section */

/* Begin PBXFrameworksBuildPhase section */
		84561FD91F0F1E46006EACD8 /* Frameworks */ = {
			isa = PBXFrameworksBuildPhase;
			buildActionMask = 2147483647;
			files = (
			);
			runOnlyForDeploymentPostprocessing = 0;
		};
/* End PBXFrameworksBuildPhase section */

/* Begin PBXGroup section */
		841DEEDE1F3EBF5D007C76C6 /* SKTUtils */ = {
			isa = PBXGroup;
			children = (
				841DEEDF1F3EBF82007C76C6 /* CGFloat+Extensions.swift */,
				841DEEE21F3EBFA1007C76C6 /* CGPoint+Extensions.swift */,
				841DEEE01F3EBFA1007C76C6 /* CGVector+Extensions.swift */,
				841DEEE11F3EBFA1007C76C6 /* Int+Extensions.swift */,
				841DEEE31F3EBFBD007C76C6 /* SKAction+Extensions.swift */,
				841DEEE51F3EBFBD007C76C6 /* SKAction+SpecialEffects.swift */,
				841DEEE71F3EBFBD007C76C6 /* SKColor+Extensions.swift */,
				841DEEE41F3EBFBD007C76C6 /* SKNode+Extensions.swift */,
				841DEEE81F3EBFBD007C76C6 /* SKTEffects.swift */,
				841DEEE91F3EBFBD007C76C6 /* SKTTimingFunctions.swift */,
				841DEEE61F3EBFBD007C76C6 /* Vector3.swift */,
			);
			path = SKTUtils;
			sourceTree = "<group>";
		};
		843709281F5392EA00D057F5 /* Fonts */ = {
			isa = PBXGroup;
			children = (
				84BF04A91F67491900A7048D /* FF_FontAttribute.txt */,
				843709311F54ECF100D057F5 /* FreckleFace-Regular.ttf */,
			);
			path = Fonts;
			sourceTree = "<group>";
		};
		84561FD31F0F1E46006EACD8 = {
			isa = PBXGroup;
			children = (
				84561FDE1F0F1E46006EACD8 /* Turd Herder */,
				84561FDD1F0F1E46006EACD8 /* Products */,
			);
			sourceTree = "<group>";
		};
		84561FDD1F0F1E46006EACD8 /* Products */ = {
			isa = PBXGroup;
			children = (
				84561FDC1F0F1E46006EACD8 /* T_rd Herder.app */,
			);
			name = Products;
			sourceTree = "<group>";
		};
		84561FDE1F0F1E46006EACD8 /* Turd Herder */ = {
			isa = PBXGroup;
			children = (
				843709281F5392EA00D057F5 /* Fonts */,
				841DEEDE1F3EBF5D007C76C6 /* SKTUtils */,
				84DD9DF91F2E80FD00D0A8E7 /* Sounds */,
				84DD9DF81F2E80E600D0A8E7 /* Scenes */,
				84561FE51F0F1E46006EACD8 /* ViewController.swift */,
				84C57C911F65727600DD1C83 /* TurdNode.swift */,
				84804FFD1F4674D0002F6B5F /* MenuScene.swift */,
				84BF04A71F67484B00A7048D /* CreditsScene.swift */,
				84E54EC81F58E2A900AB2BA9 /* GameScene.swift */,
				8495F0471F47C2B900321494 /* MessageBox.swift */,
				84561FDF1F0F1E46006EACD8 /* AppDelegate.swift */,
				8495F0491F47C50500321494 /* ToiletNode.swift */,
				8437C1221F18536B00EB3079 /* HUD.swift */,
				8437C1201F18529300EB3079 /* Types.swift */,
				84561FE71F0F1E46006EACD8 /* Main.storyboard */,
				84561FEA1F0F1E46006EACD8 /* Assets.xcassets */,
				84561FEC1F0F1E46006EACD8 /* LaunchScreen.storyboard */,
				84561FEF1F0F1E46006EACD8 /* Info.plist */,
				84A2A6651F40254E0064A82B /* AFDateHelper.swift */,
			);
			path = "Turd Herder";
			sourceTree = "<group>";
		};
		84DD9DF81F2E80E600D0A8E7 /* Scenes */ = {
			isa = PBXGroup;
			children = (
				842882C01F6B4F2D0061C397 /* HighScore.sks */,
				842EC5081F3006AE00868770 /* spark.png */,
				84561FE11F0F1E46006EACD8 /* Scene.sks */,
				8422126A1F3CF88C00175FCC /* Assets.xcassets */,
				843709371F54EE8400D057F5 /* Setting.sks */,
				84BA904A1F67471900CFC40B /* Credits.sks */,
				8441D0451F733F1900BE8D0E /* Splat2.sks */,
				8441D0471F733F3600BE8D0E /* Flies1.sks */,
				847D61561F73438D0002617C /* Smoke2.sks */,
			);
			path = Scenes;
			sourceTree = "<group>";
		};
		84DD9DF91F2E80FD00D0A8E7 /* Sounds */ = {
			isa = PBXGroup;
			children = (
				84BA90441F65B5D700CFC40B /* 8-Bit-Puzzler.mp3 */,
				84BA90421F65B5D600CFC40B /* Disco-Ants-Go-Clubbin_Looping.mp3 */,
				84BA90431F65B5D600CFC40B /* Farty-Crooks_Looping.mp3 */,
				84BA90411F65B5D500CFC40B /* Farty-McSty.mp3 */,
				84BA90401F65B59C00CFC40B /* toilet_flush.wav */,
				84A2A66B1F4037430064A82B /* toilet-flush-highscore.wav */,
				84A2A6341F3F6D3B0064A82B /* fart_walking_many.wav */,
				840421ED1F4288700026730E /* AirBiscuit.mp3 */,
				84A2A61B1F3F6D370064A82B /* fart2.mp3 */,
				84A2A6271F3F6D380064A82B /* fart3.mp3 */,
				84A2A6381F3F6D3C0064A82B /* fart4.mp3 */,
				84A2A62A1F3F6D390064A82B /* fart5.mp3 */,
				84A2A6251F3F6D380064A82B /* fart6.mp3 */,
				84A2A61C1F3F6D370064A82B /* fart7.mp3 */,
				84A2A6201F3F6D370064A82B /* fart8.mp3 */,
				84A2A6361F3F6D3B0064A82B /* fart9.mp3 */,
				84A2A61F1F3F6D370064A82B /* fart10.mp3 */,
				84A2A6221F3F6D380064A82B /* fart11.mp3 */,
				84A2A62F1F3F6D3A0064A82B /* fart12.mp3 */,
				84A2A61E1F3F6D370064A82B /* fart13.mp3 */,
				84A2A6211F3F6D380064A82B /* fart14.wav */,
				84A2A62B1F3F6D390064A82B /* fart16.wav */,
				84A2A6301F3F6D3A0064A82B /* fart17.wav */,
				84A2A6231F3F6D380064A82B /* fart18.wav */,
				84A2A6351F3F6D3B0064A82B /* fart20.wav */,
				84A2A6331F3F6D3B0064A82B /* fart21.wav */,
				84A2A6241F3F6D380064A82B /* fart23.mp3 */,
				84A2A61D1F3F6D370064A82B /* fart24.wav */,
				84A2A62E1F3F6D3A0064A82B /* fart25.wav */,
				84A2A63A1F3F6D3C0064A82B /* fart26.wav */,
				84A2A6311F3F6D3A0064A82B /* fart27.wav */,
				84A2A6281F3F6D390064A82B /* fart28.wav */,
				84A2A63B1F3F6D3C0064A82B /* fart29.wav */,
				84A2A6291F3F6D390064A82B /* fart34.wav */,
				84A2A6321F3F6D3B0064A82B /* fart35.wav */,
				84A2A6371F3F6D3C0064A82B /* fart36.wav */,
				84A2A6391F3F6D3C0064A82B /* fart37.wav */,
				84A2A62C1F3F6D390064A82B /* fart38.wav */,
				84A2A6261F3F6D380064A82B /* fart39.wav */,
				84A2A62D1F3F6D390064A82B /* fart40.wav */,
				84A2A61A1F3F6D360064A82B /* fart41.wav */,
			);
			path = Sounds;
			sourceTree = "<group>";
		};
/* End PBXGroup section */

/* Begin PBXNativeTarget section */
		84561FDB1F0F1E46006EACD8 /* Turd Herder */ = {
			isa = PBXNativeTarget;
			buildConfigurationList = 84561FF21F0F1E46006EACD8 /* Build configuration list for PBXNativeTarget "Turd Herder" */;
			buildPhases = (
				84561FD81F0F1E46006EACD8 /* Sources */,
				84561FD91F0F1E46006EACD8 /* Frameworks */,
				84561FDA1F0F1E46006EACD8 /* Resources */,
			);
			buildRules = (
			);
			dependencies = (
			);
			name = "Turd Herder";
			productName = "Turd Herder";
			productReference = 84561FDC1F0F1E46006EACD8 /* T_rd Herder.app */;
			productType = "com.apple.product-type.application";
		};
/* End PBXNativeTarget section */

/* Begin PBXProject section */
		84561FD41F0F1E46006EACD8 /* Project object */ = {
			isa = PBXProject;
			attributes = {
				LastSwiftUpdateCheck = 0900;
				LastUpgradeCheck = 0900;
				ORGANIZATIONNAME = "Brent Michalski";
				TargetAttributes = {
					84561FDB1F0F1E46006EACD8 = {
						CreatedOnToolsVersion = 9.0;
						ProvisioningStyle = Manual;
					};
				};
			};
			buildConfigurationList = 84561FD71F0F1E46006EACD8 /* Build configuration list for PBXProject "Turd Herder" */;
			compatibilityVersion = "Xcode 8.0";
			developmentRegion = en;
			hasScannedForEncodings = 0;
			knownRegions = (
				en,
				Base,
			);
			mainGroup = 84561FD31F0F1E46006EACD8;
			productRefGroup = 84561FDD1F0F1E46006EACD8 /* Products */;
			projectDirPath = "";
			projectRoot = "";
			targets = (
				84561FDB1F0F1E46006EACD8 /* Turd Herder */,
			);
		};
/* End PBXProject section */

/* Begin PBXResourcesBuildPhase section */
		84561FDA1F0F1E46006EACD8 /* Resources */ = {
			isa = PBXResourcesBuildPhase;
			buildActionMask = 2147483647;
			files = (
				84BF04AA1F674F8900A7048D /* FF_FontAttribute.txt in Resources */,
				84BA90451F65B64500CFC40B /* 8-Bit-Puzzler.mp3 in Resources */,
				84BA90461F65B64500CFC40B /* Disco-Ants-Go-Clubbin_Looping.mp3 in Resources */,
				847D61571F73438D0002617C /* Smoke2.sks in Resources */,
				84BA90471F65B64500CFC40B /* Farty-Crooks_Looping.mp3 in Resources */,
				84BA90481F65B64500CFC40B /* Farty-McSty.mp3 in Resources */,
				84BA90491F65B64500CFC40B /* toilet_flush.wav in Resources */,
				843709341F54ED6C00D057F5 /* FreckleFace-Regular.ttf in Resources */,
				84A2A64F1F3F6DCC0064A82B /* fart21.wav in Resources */,
				84A2A6421F3F6DCC0064A82B /* fart6.mp3 in Resources */,
				84A2A63D1F3F6DCC0064A82B /* fart_walking_many.wav in Resources */,
				84A2A64B1F3F6DCC0064A82B /* fart16.wav in Resources */,
				84A2A63F1F3F6DCC0064A82B /* fart3.mp3 in Resources */,
				84A2A6431F3F6DCC0064A82B /* fart7.mp3 in Resources */,
				84A2A6401F3F6DCC0064A82B /* fart4.mp3 in Resources */,
				84A2A6511F3F6DCC0064A82B /* fart24.wav in Resources */,
				84A2A6531F3F6DCC0064A82B /* fart26.wav in Resources */,
				84A2A64C1F3F6DCC0064A82B /* fart17.wav in Resources */,
				84A2A6481F3F6DCC0064A82B /* fart12.mp3 in Resources */,
				84A2A6471F3F6DCC0064A82B /* fart11.mp3 in Resources */,
				84BA904B1F67471900CFC40B /* Credits.sks in Resources */,
				84A2A6441F3F6DCC0064A82B /* fart8.mp3 in Resources */,
				84A2A6461F3F6DCC0064A82B /* fart10.mp3 in Resources */,
				84A2A63E1F3F6DCC0064A82B /* fart2.mp3 in Resources */,
				84A2A6411F3F6DCC0064A82B /* fart5.mp3 in Resources */,
				84A2A6551F3F6DCC0064A82B /* fart28.wav in Resources */,
				84A2A6501F3F6DCC0064A82B /* fart23.mp3 in Resources */,
				8441D0461F733F1900BE8D0E /* Splat2.sks in Resources */,
				84A2A65E1F3F6DCC0064A82B /* fart41.wav in Resources */,
				84A2A65C1F3F6DCC0064A82B /* fart39.wav in Resources */,
				84A2A6571F3F6DCC0064A82B /* fart34.wav in Resources */,
				84A2A6491F3F6DCC0064A82B /* fart13.mp3 in Resources */,
				84A2A64E1F3F6DCC0064A82B /* fart20.wav in Resources */,
				84A2A65A1F3F6DCC0064A82B /* fart37.wav in Resources */,
				84A2A64A1F3F6DCC0064A82B /* fart14.wav in Resources */,
				84A2A6541F3F6DCC0064A82B /* fart27.wav in Resources */,
				84A2A66C1F4037970064A82B /* toilet-flush-highscore.wav in Resources */,
				842882C11F6B4F2D0061C397 /* HighScore.sks in Resources */,
				84A2A64D1F3F6DCC0064A82B /* fart18.wav in Resources */,
				84A2A6591F3F6DCC0064A82B /* fart36.wav in Resources */,
				840421EE1F4288740026730E /* AirBiscuit.mp3 in Resources */,
				84561FE21F0F1E46006EACD8 /* Scene.sks in Resources */,
				8441D0481F733F3600BE8D0E /* Flies1.sks in Resources */,
				84561FEE1F0F1E46006EACD8 /* LaunchScreen.storyboard in Resources */,
				84A2A65B1F3F6DCC0064A82B /* fart38.wav in Resources */,
				84561FEB1F0F1E46006EACD8 /* Assets.xcassets in Resources */,
				843709381F54EE8400D057F5 /* Setting.sks in Resources */,
				84A2A6451F3F6DCC0064A82B /* fart9.mp3 in Resources */,
				84A2A6521F3F6DCC0064A82B /* fart25.wav in Resources */,
				84A2A6581F3F6DCC0064A82B /* fart35.wav in Resources */,
				84A2A6561F3F6DCC0064A82B /* fart29.wav in Resources */,
				84561FE91F0F1E46006EACD8 /* Main.storyboard in Resources */,
				84A2A65D1F3F6DCC0064A82B /* fart40.wav in Resources */,
			);
			runOnlyForDeploymentPostprocessing = 0;
		};
/* End PBXResourcesBuildPhase section */

/* Begin PBXSourcesBuildPhase section */
		84561FD81F0F1E46006EACD8 /* Sources */ = {
			isa = PBXSourcesBuildPhase;
			buildActionMask = 2147483647;
			files = (
				84804FFE1F4674D0002F6B5F /* MenuScene.swift in Sources */,
				84C57C921F65727600DD1C83 /* TurdNode.swift in Sources */,
				841DEEF21F3EBFFB007C76C6 /* SKTEffects.swift in Sources */,
				84561FE61F0F1E46006EACD8 /* ViewController.swift in Sources */,
				841DEEEC1F3EBFFB007C76C6 /* CGVector+Extensions.swift in Sources */,
				841DEEEB1F3EBFFB007C76C6 /* CGPoint+Extensions.swift in Sources */,
				841DEEEA1F3EBFFB007C76C6 /* CGFloat+Extensions.swift in Sources */,
				841DEEF31F3EBFFB007C76C6 /* SKTTimingFunctions.swift in Sources */,
				8437C1231F18536B00EB3079 /* HUD.swift in Sources */,
				841DEEF41F3EBFFB007C76C6 /* Vector3.swift in Sources */,
				841DEEF11F3EBFFB007C76C6 /* SKNode+Extensions.swift in Sources */,
				841DEEEE1F3EBFFB007C76C6 /* SKAction+Extensions.swift in Sources */,
				841DEEEF1F3EBFFB007C76C6 /* SKAction+SpecialEffects.swift in Sources */,
				84561FE01F0F1E46006EACD8 /* AppDelegate.swift in Sources */,
				84E54EC91F58E2A900AB2BA9 /* GameScene.swift in Sources */,
				8437C1211F18529300EB3079 /* Types.swift in Sources */,
				841DEEED1F3EBFFB007C76C6 /* Int+Extensions.swift in Sources */,
				84A2A6661F40254E0064A82B /* AFDateHelper.swift in Sources */,
				8495F04A1F47C50500321494 /* ToiletNode.swift in Sources */,
				84BF04A81F67484B00A7048D /* CreditsScene.swift in Sources */,
				841DEEF01F3EBFFB007C76C6 /* SKColor+Extensions.swift in Sources */,
			);
			runOnlyForDeploymentPostprocessing = 0;
		};
/* End PBXSourcesBuildPhase section */

/* Begin PBXVariantGroup section */
		84561FE71F0F1E46006EACD8 /* Main.storyboard */ = {
			isa = PBXVariantGroup;
			children = (
				84561FE81F0F1E46006EACD8 /* Base */,
			);
			name = Main.storyboard;
			sourceTree = "<group>";
		};
		84561FEC1F0F1E46006EACD8 /* LaunchScreen.storyboard */ = {
			isa = PBXVariantGroup;
			children = (
				84561FED1F0F1E46006EACD8 /* Base */,
			);
			name = LaunchScreen.storyboard;
			sourceTree = "<group>";
		};
/* End PBXVariantGroup section */

/* Begin XCBuildConfiguration section */
		84561FF01F0F1E46006EACD8 /* Debug */ = {
			isa = XCBuildConfiguration;
			buildSettings = {
				ALWAYS_SEARCH_USER_PATHS = NO;
				CLANG_ANALYZER_NONNULL = YES;
				CLANG_ANALYZER_NUMBER_OBJECT_CONVERSION = YES_AGGRESSIVE;
				CLANG_CXX_LANGUAGE_STANDARD = "gnu++14";
				CLANG_CXX_LIBRARY = "libc++";
				CLANG_ENABLE_MODULES = YES;
				CLANG_ENABLE_OBJC_ARC = YES;
				CLANG_WARN_BLOCK_CAPTURE_AUTORELEASING = YES;
				CLANG_WARN_BOOL_CONVERSION = YES;
				CLANG_WARN_COMMA = YES;
				CLANG_WARN_CONSTANT_CONVERSION = YES;
				CLANG_WARN_DIRECT_OBJC_ISA_USAGE = YES_ERROR;
				CLANG_WARN_DOCUMENTATION_COMMENTS = YES;
				CLANG_WARN_EMPTY_BODY = YES;
				CLANG_WARN_ENUM_CONVERSION = YES;
				CLANG_WARN_INFINITE_RECURSION = YES;
				CLANG_WARN_INT_CONVERSION = YES;
				CLANG_WARN_OBJC_ROOT_CLASS = YES_ERROR;
				CLANG_WARN_RANGE_LOOP_ANALYSIS = YES;
				CLANG_WARN_STRICT_PROTOTYPES = YES;
				CLANG_WARN_SUSPICIOUS_MOVE = YES;
				CLANG_WARN_UNGUARDED_AVAILABILITY = YES_AGGRESSIVE;
				CLANG_WARN_UNREACHABLE_CODE = YES;
				CLANG_WARN__DUPLICATE_METHOD_MATCH = YES;
				CODE_SIGN_IDENTITY = "iPhone Developer";
				COPY_PHASE_STRIP = NO;
				DEBUG_INFORMATION_FORMAT = dwarf;
				ENABLE_STRICT_OBJC_MSGSEND = YES;
				ENABLE_TESTABILITY = YES;
				GCC_C_LANGUAGE_STANDARD = gnu11;
				GCC_DYNAMIC_NO_PIC = NO;
				GCC_NO_COMMON_BLOCKS = YES;
				GCC_OPTIMIZATION_LEVEL = 0;
				GCC_PREPROCESSOR_DEFINITIONS = (
					"DEBUG=1",
					"$(inherited)",
				);
				GCC_WARN_64_TO_32_BIT_CONVERSION = YES;
				GCC_WARN_ABOUT_RETURN_TYPE = YES_ERROR;
				GCC_WARN_UNDECLARED_SELECTOR = YES;
				GCC_WARN_UNINITIALIZED_AUTOS = YES_AGGRESSIVE;
				GCC_WARN_UNUSED_FUNCTION = YES;
				GCC_WARN_UNUSED_VARIABLE = YES;
				IPHONEOS_DEPLOYMENT_TARGET = 11.0;
				MTL_ENABLE_DEBUG_INFO = YES;
				ONLY_ACTIVE_ARCH = YES;
				SDKROOT = iphoneos;
				SWIFT_ACTIVE_COMPILATION_CONDITIONS = DEBUG;
				SWIFT_OPTIMIZATION_LEVEL = "-Onone";
			};
			name = Debug;
		};
		84561FF11F0F1E46006EACD8 /* Release */ = {
			isa = XCBuildConfiguration;
			buildSettings = {
				ALWAYS_SEARCH_USER_PATHS = NO;
				CLANG_ANALYZER_NONNULL = YES;
				CLANG_ANALYZER_NUMBER_OBJECT_CONVERSION = YES_AGGRESSIVE;
				CLANG_CXX_LANGUAGE_STANDARD = "gnu++14";
				CLANG_CXX_LIBRARY = "libc++";
				CLANG_ENABLE_MODULES = YES;
				CLANG_ENABLE_OBJC_ARC = YES;
				CLANG_WARN_BLOCK_CAPTURE_AUTORELEASING = YES;
				CLANG_WARN_BOOL_CONVERSION = YES;
				CLANG_WARN_COMMA = YES;
				CLANG_WARN_CONSTANT_CONVERSION = YES;
				CLANG_WARN_DIRECT_OBJC_ISA_USAGE = YES_ERROR;
				CLANG_WARN_DOCUMENTATION_COMMENTS = YES;
				CLANG_WARN_EMPTY_BODY = YES;
				CLANG_WARN_ENUM_CONVERSION = YES;
				CLANG_WARN_INFINITE_RECURSION = YES;
				CLANG_WARN_INT_CONVERSION = YES;
				CLANG_WARN_OBJC_ROOT_CLASS = YES_ERROR;
				CLANG_WARN_RANGE_LOOP_ANALYSIS = YES;
				CLANG_WARN_STRICT_PROTOTYPES = YES;
				CLANG_WARN_SUSPICIOUS_MOVE = YES;
				CLANG_WARN_UNGUARDED_AVAILABILITY = YES_AGGRESSIVE;
				CLANG_WARN_UNREACHABLE_CODE = YES;
				CLANG_WARN__DUPLICATE_METHOD_MATCH = YES;
				CODE_SIGN_IDENTITY = "iPhone Developer";
				COPY_PHASE_STRIP = NO;
				DEBUG_INFORMATION_FORMAT = "dwarf-with-dsym";
				ENABLE_NS_ASSERTIONS = NO;
				ENABLE_STRICT_OBJC_MSGSEND = YES;
				GCC_C_LANGUAGE_STANDARD = gnu11;
				GCC_NO_COMMON_BLOCKS = YES;
				GCC_WARN_64_TO_32_BIT_CONVERSION = YES;
				GCC_WARN_ABOUT_RETURN_TYPE = YES_ERROR;
				GCC_WARN_UNDECLARED_SELECTOR = YES;
				GCC_WARN_UNINITIALIZED_AUTOS = YES_AGGRESSIVE;
				GCC_WARN_UNUSED_FUNCTION = YES;
				GCC_WARN_UNUSED_VARIABLE = YES;
				IPHONEOS_DEPLOYMENT_TARGET = 11.0;
				MTL_ENABLE_DEBUG_INFO = NO;
				SDKROOT = iphoneos;
				SWIFT_OPTIMIZATION_LEVEL = "-Owholemodule";
				VALIDATE_PRODUCT = YES;
			};
			name = Release;
		};
		84561FF31F0F1E46006EACD8 /* Debug */ = {
			isa = XCBuildConfiguration;
			buildSettings = {
				ASSETCATALOG_COMPILER_APPICON_NAME = AppIcon;
				"CODE_SIGN_IDENTITY[sdk=iphoneos*]" = "iPhone Distribution";
				CODE_SIGN_STYLE = Manual;
				DEVELOPMENT_TEAM = 833AT2F722;
				INFOPLIST_FILE = "Turd Herder/Info.plist";
				LD_RUNPATH_SEARCH_PATHS = "$(inherited) @executable_path/Frameworks";
				PRODUCT_BUNDLE_IDENTIFIER = "net.perlguy.Turd-Herder";
				PRODUCT_NAME = "T_rd Herder";
				PROVISIONING_PROFILE = "858e7308-7be0-4e77-9261-f26e5ff0d53b";
				PROVISIONING_PROFILE_SPECIFIER = "Turd Herder Distribution";
				SWIFT_VERSION = 4.0;
				TARGETED_DEVICE_FAMILY = "1,2";
			};
			name = Debug;
		};
		84561FF41F0F1E46006EACD8 /* Release */ = {
			isa = XCBuildConfiguration;
			buildSettings = {
				ASSETCATALOG_COMPILER_APPICON_NAME = AppIcon;
				"CODE_SIGN_IDENTITY[sdk=iphoneos*]" = "iPhone Distribution";
				CODE_SIGN_STYLE = Manual;
				DEVELOPMENT_TEAM = 833AT2F722;
				INFOPLIST_FILE = "Turd Herder/Info.plist";
				LD_RUNPATH_SEARCH_PATHS = "$(inherited) @executable_path/Frameworks";
				PRODUCT_BUNDLE_IDENTIFIER = "net.perlguy.Turd-Herder";
				PRODUCT_NAME = "T_rd Herder";
				PROVISIONING_PROFILE = "858e7308-7be0-4e77-9261-f26e5ff0d53b";
				PROVISIONING_PROFILE_SPECIFIER = "Turd Herder Distribution";
				SWIFT_VERSION = 4.0;
				TARGETED_DEVICE_FAMILY = "1,2";
			};
			name = Release;
		};
/* End XCBuildConfiguration section */

/* Begin XCConfigurationList section */
		84561FD71F0F1E46006EACD8 /* Build configuration list for PBXProject "Turd Herder" */ = {
			isa = XCConfigurationList;
			buildConfigurations = (
				84561FF01F0F1E46006EACD8 /* Debug */,
				84561FF11F0F1E46006EACD8 /* Release */,
			);
			defaultConfigurationIsVisible = 0;
			defaultConfigurationName = Release;
		};
		84561FF21F0F1E46006EACD8 /* Build configuration list for PBXNativeTarget "Turd Herder" */ = {
			isa = XCConfigurationList;
			buildConfigurations = (
				84561FF31F0F1E46006EACD8 /* Debug */,
				84561FF41F0F1E46006EACD8 /* Release */,
			);
			defaultConfigurationIsVisible = 0;
			defaultConfigurationName = Release;
		};
/* End XCConfigurationList section */
	};
	rootObject = 84561FD41F0F1E46006EACD8 /* Project object */;
}
